
Microsoft Visual Studio Solution File, Format Version 12.00
# Visual Studio 15
VisualStudioVersion = 15.0.28307.757
MinimumVisualStudioVersion = 10.0.40219.1
Project("{FAE04EC0-301F-11D3-BF4B-00C04F79EFBC}") = "Banco", "Banco\Banco.csproj", "{DAB5E6B7-7339-41A6-A1F4-5E97332E2767}"
EndProject
Global
	GlobalSection(SolutionConfigurationPlatforms) = preSolution
		Debug|Any CPU = Debug|Any CPU
		Release|Any CPU = Release|Any CPU
	EndGlobalSection
	GlobalSection(ProjectConfigurationPlatforms) = postSolution
		{DAB5E6B7-7339-41A6-A1F4-5E97332E2767}.Debug|Any CPU.ActiveCfg = Debug|Any CPU
		{DAB5E6B7-7339-41A6-A1F4-5E97332E2767}.Debug|Any CPU.Build.0 = Debug|Any CPU
		{DAB5E6B7-7339-41A6-A1F4-5E97332E2767}.Release|Any CPU.ActiveCfg = Release|Any CPU
		{DAB5E6B7-7339-41A6-A1F4-5E97332E2767}.Release|Any CPU.Build.0 = Release|Any CPU
	EndGlobalSection
	GlobalSection(SolutionProperties) = preSolution
		HideSolutionNode = FALSE
	EndGlobalSection
	GlobalSection(ExtensibilityGlobals) = postSolution
		SolutionGuid = {D51A6C83-FF83-40AA-A30C-752FA8120C10}
	EndGlobalSection
EndGlobal
